
Microsoft Visual Studio Solution File, Format Version 12.00
# Visual Studio Version 16
VisualStudioVersion = 16.0.32602.291
MinimumVisualStudioVersion = 10.0.40219.1
Project("{FAE04EC0-301F-11D3-BF4B-00C04F79EFBC}") = "CompuTickets", "CompuTickets\CompuTickets.csproj", "{59C7CDC2-A387-4B44-8EEF-36BC4AAE78C9}"
EndProject
Project("{FAE04EC0-301F-11D3-BF4B-00C04F79EFBC}") = "CompuTickets.Tests", "CompuTickets.Tests\CompuTickets.Tests.csproj", "{34998031-8F23-4333-BA62-4EFB3EE8193C}"
EndProject
Global
	GlobalSection(SolutionConfigurationPlatforms) = preSolution
		Debug|Any CPU = Debug|Any CPU
		Release|Any CPU = Release|Any CPU
	EndGlobalSection
	GlobalSection(ProjectConfigurationPlatforms) = postSolution
		{59C7CDC2-A387-4B44-8EEF-36BC4AAE78C9}.Debug|Any CPU.ActiveCfg = Debug|Any CPU
		{59C7CDC2-A387-4B44-8EEF-36BC4AAE78C9}.Debug|Any CPU.Build.0 = Debug|Any CPU
		{59C7CDC2-A387-4B44-8EEF-36BC4AAE78C9}.Release|Any CPU.ActiveCfg = Release|Any CPU
		{59C7CDC2-A387-4B44-8EEF-36BC4AAE78C9}.Release|Any CPU.Build.0 = Release|Any CPU
		{34998031-8F23-4333-BA62-4EFB3EE8193C}.Debug|Any CPU.ActiveCfg = Debug|Any CPU
		{34998031-8F23-4333-BA62-4EFB3EE8193C}.Debug|Any CPU.Build.0 = Debug|Any CPU
		{34998031-8F23-4333-BA62-4EFB3EE8193C}.Release|Any CPU.ActiveCfg = Release|Any CPU
		{34998031-8F23-4333-BA62-4EFB3EE8193C}.Release|Any CPU.Build.0 = Release|Any CPU
	EndGlobalSection
	GlobalSection(SolutionProperties) = preSolution
		HideSolutionNode = FALSE
	EndGlobalSection
	GlobalSection(ExtensibilityGlobals) = postSolution
		SolutionGuid = {5CE0FE5E-68E9-4ECF-A115-137EA8FE7A34}
	EndGlobalSection
EndGlobal
